
Microsoft Visual Studio Solution File, Format Version 12.00
# Visual Studio Version 17
VisualStudioVersion = 17.0.31903.59
MinimumVisualStudioVersion = 10.0.40219.1
Project("{FAE04EC0-301F-11D3-BF4B-00C04F79EFBC}") = "NewTalents", "NewTalents\NewTalents.csproj", "{FD2B2B37-8047-46F4-8C75-B1CFD4ABCD9E}"
EndProject
Project("{FAE04EC0-301F-11D3-BF4B-00C04F79EFBC}") = "NewTalentsTests", "NewTalentsTests\NewTalentsTests.csproj", "{4C5ACD0E-541D-4EB6-A83D-0D463F15C666}"
EndProject
Global
	GlobalSection(SolutionConfigurationPlatforms) = preSolution
		Debug|Any CPU = Debug|Any CPU
		Release|Any CPU = Release|Any CPU
	EndGlobalSection
	GlobalSection(SolutionProperties) = preSolution
		HideSolutionNode = FALSE
	EndGlobalSection
	GlobalSection(ProjectConfigurationPlatforms) = postSolution
		{FD2B2B37-8047-46F4-8C75-B1CFD4ABCD9E}.Debug|Any CPU.ActiveCfg = Debug|Any CPU
		{FD2B2B37-8047-46F4-8C75-B1CFD4ABCD9E}.Debug|Any CPU.Build.0 = Debug|Any CPU
		{FD2B2B37-8047-46F4-8C75-B1CFD4ABCD9E}.Release|Any CPU.ActiveCfg = Release|Any CPU
		{FD2B2B37-8047-46F4-8C75-B1CFD4ABCD9E}.Release|Any CPU.Build.0 = Release|Any CPU
		{4C5ACD0E-541D-4EB6-A83D-0D463F15C666}.Debug|Any CPU.ActiveCfg = Debug|Any CPU
		{4C5ACD0E-541D-4EB6-A83D-0D463F15C666}.Debug|Any CPU.Build.0 = Debug|Any CPU
		{4C5ACD0E-541D-4EB6-A83D-0D463F15C666}.Release|Any CPU.ActiveCfg = Release|Any CPU
		{4C5ACD0E-541D-4EB6-A83D-0D463F15C666}.Release|Any CPU.Build.0 = Release|Any CPU
	EndGlobalSection
EndGlobal
